
Microsoft Visual Studio Solution File, Format Version 12.00
# Visual Studio Version 17
VisualStudioVersion = 17.1.31903.286
MinimumVisualStudioVersion = 10.0.40219.1
Project("{FAE04EC0-301F-11D3-BF4B-00C04F79EFBC}") = "RGBtoHex", "RGBtoHex\RGBtoHex.csproj", "{E2E48A85-1963-479C-98E8-8660448A9A83}"
EndProject
Global
	GlobalSection(SolutionConfigurationPlatforms) = preSolution
		Debug|Any CPU = Debug|Any CPU
		Release|Any CPU = Release|Any CPU
	EndGlobalSection
	GlobalSection(ProjectConfigurationPlatforms) = postSolution
		{E2E48A85-1963-479C-98E8-8660448A9A83}.Debug|Any CPU.ActiveCfg = Debug|Any CPU
		{E2E48A85-1963-479C-98E8-8660448A9A83}.Debug|Any CPU.Build.0 = Debug|Any CPU
		{E2E48A85-1963-479C-98E8-8660448A9A83}.Release|Any CPU.ActiveCfg = Release|Any CPU
		{E2E48A85-1963-479C-98E8-8660448A9A83}.Release|Any CPU.Build.0 = Release|Any CPU
	EndGlobalSection
	GlobalSection(SolutionProperties) = preSolution
		HideSolutionNode = FALSE
	EndGlobalSection
	GlobalSection(ExtensibilityGlobals) = postSolution
		SolutionGuid = {535AF09E-88B1-4BB7-8B35-5F8732192C93}
	EndGlobalSection
EndGlobal
