
Microsoft Visual Studio Solution File, Format Version 12.00
# Visual Studio Version 17
VisualStudioVersion = 17.1.31903.286
MinimumVisualStudioVersion = 10.0.40219.1
Project("{FAE04EC0-301F-11D3-BF4B-00C04F79EFBC}") = "WeirdStringCase", "WeirdStringCase\WeirdStringCase.csproj", "{4D662A20-3593-4FCC-BE1A-B2CB1A9CBB9C}"
EndProject
Global
	GlobalSection(SolutionConfigurationPlatforms) = preSolution
		Debug|Any CPU = Debug|Any CPU
		Release|Any CPU = Release|Any CPU
	EndGlobalSection
	GlobalSection(ProjectConfigurationPlatforms) = postSolution
		{4D662A20-3593-4FCC-BE1A-B2CB1A9CBB9C}.Debug|Any CPU.ActiveCfg = Debug|Any CPU
		{4D662A20-3593-4FCC-BE1A-B2CB1A9CBB9C}.Debug|Any CPU.Build.0 = Debug|Any CPU
		{4D662A20-3593-4FCC-BE1A-B2CB1A9CBB9C}.Release|Any CPU.ActiveCfg = Release|Any CPU
		{4D662A20-3593-4FCC-BE1A-B2CB1A9CBB9C}.Release|Any CPU.Build.0 = Release|Any CPU
	EndGlobalSection
	GlobalSection(SolutionProperties) = preSolution
		HideSolutionNode = FALSE
	EndGlobalSection
	GlobalSection(ExtensibilityGlobals) = postSolution
		SolutionGuid = {2039CC28-935D-4011-86C4-64153852498A}
	EndGlobalSection
EndGlobal
