
Microsoft Visual Studio Solution File, Format Version 12.00
# Visual Studio Version 17
VisualStudioVersion = 17.1.31903.286
MinimumVisualStudioVersion = 10.0.40219.1
Project("{FAE04EC0-301F-11D3-BF4B-00C04F79EFBC}") = "Delete Repeating Elements", "Delete Repeating Elements\Delete Repeating Elements.csproj", "{7EA4D3B6-5911-422A-8BB2-C9E480034EF5}"
EndProject
Global
	GlobalSection(SolutionConfigurationPlatforms) = preSolution
		Debug|Any CPU = Debug|Any CPU
		Release|Any CPU = Release|Any CPU
	EndGlobalSection
	GlobalSection(ProjectConfigurationPlatforms) = postSolution
		{7EA4D3B6-5911-422A-8BB2-C9E480034EF5}.Debug|Any CPU.ActiveCfg = Debug|Any CPU
		{7EA4D3B6-5911-422A-8BB2-C9E480034EF5}.Debug|Any CPU.Build.0 = Debug|Any CPU
		{7EA4D3B6-5911-422A-8BB2-C9E480034EF5}.Release|Any CPU.ActiveCfg = Release|Any CPU
		{7EA4D3B6-5911-422A-8BB2-C9E480034EF5}.Release|Any CPU.Build.0 = Release|Any CPU
	EndGlobalSection
	GlobalSection(SolutionProperties) = preSolution
		HideSolutionNode = FALSE
	EndGlobalSection
	GlobalSection(ExtensibilityGlobals) = postSolution
		SolutionGuid = {F6F0F6DC-2688-4588-9853-F18C46A5ABC2}
	EndGlobalSection
EndGlobal
