
Microsoft Visual Studio Solution File, Format Version 12.00
# Visual Studio Version 17
VisualStudioVersion = 17.1.31903.286
MinimumVisualStudioVersion = 10.0.40219.1
Project("{FAE04EC0-301F-11D3-BF4B-00C04F79EFBC}") = "Bouncing Balls", "Bouncing Balls\Bouncing Balls.csproj", "{0FA7E663-9D46-438F-9551-C150971A7A68}"
EndProject
Global
	GlobalSection(SolutionConfigurationPlatforms) = preSolution
		Debug|Any CPU = Debug|Any CPU
		Release|Any CPU = Release|Any CPU
	EndGlobalSection
	GlobalSection(ProjectConfigurationPlatforms) = postSolution
		{0FA7E663-9D46-438F-9551-C150971A7A68}.Debug|Any CPU.ActiveCfg = Debug|Any CPU
		{0FA7E663-9D46-438F-9551-C150971A7A68}.Debug|Any CPU.Build.0 = Debug|Any CPU
		{0FA7E663-9D46-438F-9551-C150971A7A68}.Release|Any CPU.ActiveCfg = Release|Any CPU
		{0FA7E663-9D46-438F-9551-C150971A7A68}.Release|Any CPU.Build.0 = Release|Any CPU
	EndGlobalSection
	GlobalSection(SolutionProperties) = preSolution
		HideSolutionNode = FALSE
	EndGlobalSection
	GlobalSection(ExtensibilityGlobals) = postSolution
		SolutionGuid = {18CAD49B-378F-4AF4-82C4-91503917020A}
	EndGlobalSection
EndGlobal
