
Microsoft Visual Studio Solution File, Format Version 12.00
# Visual Studio Version 17
VisualStudioVersion = 17.1.31903.286
MinimumVisualStudioVersion = 10.0.40219.1
Project("{FAE04EC0-301F-11D3-BF4B-00C04F79EFBC}") = "TortoiseRacing", "TortoiseRacing\TortoiseRacing.csproj", "{FBADF56B-5282-4EE5-9CF1-6603812C1B42}"
EndProject
Global
	GlobalSection(SolutionConfigurationPlatforms) = preSolution
		Debug|Any CPU = Debug|Any CPU
		Release|Any CPU = Release|Any CPU
	EndGlobalSection
	GlobalSection(ProjectConfigurationPlatforms) = postSolution
		{FBADF56B-5282-4EE5-9CF1-6603812C1B42}.Debug|Any CPU.ActiveCfg = Debug|Any CPU
		{FBADF56B-5282-4EE5-9CF1-6603812C1B42}.Debug|Any CPU.Build.0 = Debug|Any CPU
		{FBADF56B-5282-4EE5-9CF1-6603812C1B42}.Release|Any CPU.ActiveCfg = Release|Any CPU
		{FBADF56B-5282-4EE5-9CF1-6603812C1B42}.Release|Any CPU.Build.0 = Release|Any CPU
	EndGlobalSection
	GlobalSection(SolutionProperties) = preSolution
		HideSolutionNode = FALSE
	EndGlobalSection
	GlobalSection(ExtensibilityGlobals) = postSolution
		SolutionGuid = {69BEEAD5-A1F7-49F9-AFD7-2FC7B5605624}
	EndGlobalSection
EndGlobal
